// !$*UTF8*$!
{
	archiveVersion = 1;
	classes = {
	};
	objectVersion = 46;
	objects = {

/* Begin PBXBuildFile section */
		182A09C71EE2D11F0036B91F /* AppDelegate.swift in Sources */ = {isa = PBXBuildFile; fileRef = 182A09C61EE2D11F0036B91F /* AppDelegate.swift */; };
		182A09CC1EE2D11F0036B91F /* Main.storyboard in Resources */ = {isa = PBXBuildFile; fileRef = 182A09CA1EE2D11F0036B91F /* Main.storyboard */; };
		182A09CE1EE2D11F0036B91F /* Assets.xcassets in Resources */ = {isa = PBXBuildFile; fileRef = 182A09CD1EE2D11F0036B91F /* Assets.xcassets */; };
		182A09D11EE2D11F0036B91F /* LaunchScreen.storyboard in Resources */ = {isa = PBXBuildFile; fileRef = 182A09CF1EE2D11F0036B91F /* LaunchScreen.storyboard */; };
		182A09DC1EE2D11F0036B91F /* KeepFitnessTests.swift in Sources */ = {isa = PBXBuildFile; fileRef = 182A09DB1EE2D11F0036B91F /* KeepFitnessTests.swift */; };
		182A09E71EE2E5320036B91F /* LoginViewController.swift in Sources */ = {isa = PBXBuildFile; fileRef = 182A09E61EE2E5320036B91F /* LoginViewController.swift */; };
		182F909C1EE57E270001CE2D /* PlanViewController.swift in Sources */ = {isa = PBXBuildFile; fileRef = 182F909B1EE57E270001CE2D /* PlanViewController.swift */; };
		182F909E1EE593290001CE2D /* ExerciseListTableViewController.swift in Sources */ = {isa = PBXBuildFile; fileRef = 182F909D1EE593290001CE2D /* ExerciseListTableViewController.swift */; };
		18A2933E1EE3EB4E0063846D /* ExerciseViewController.swift in Sources */ = {isa = PBXBuildFile; fileRef = 18A2933D1EE3EB4E0063846D /* ExerciseViewController.swift */; };
		18A293401EE3FE490063846D /* Exercise.swift in Sources */ = {isa = PBXBuildFile; fileRef = 18A2933F1EE3FE490063846D /* Exercise.swift */; };
		18A293421EE40C680063846D /* ExerciseListTableViewCell.swift in Sources */ = {isa = PBXBuildFile; fileRef = 18A293411EE40C680063846D /* ExerciseListTableViewCell.swift */; };
		18A293441EE40EFA0063846D /* ExerciseTableViewController.swift in Sources */ = {isa = PBXBuildFile; fileRef = 18A293431EE40EFA0063846D /* ExerciseTableViewController.swift */; };
/* End PBXBuildFile section */

/* Begin PBXContainerItemProxy section */
		182A09D81EE2D11F0036B91F /* PBXContainerItemProxy */ = {
			isa = PBXContainerItemProxy;
			containerPortal = 182A09BB1EE2D11E0036B91F /* Project object */;
			proxyType = 1;
			remoteGlobalIDString = 182A09C21EE2D11F0036B91F;
			remoteInfo = KeepFitness;
		};
/* End PBXContainerItemProxy section */

/* Begin PBXFileReference section */
		182A09C31EE2D11F0036B91F /* KeepFitness.app */ = {isa = PBXFileReference; explicitFileType = wrapper.application; includeInIndex = 0; path = KeepFitness.app; sourceTree = BUILT_PRODUCTS_DIR; };
		182A09C61EE2D11F0036B91F /* AppDelegate.swift */ = {isa = PBXFileReference; lastKnownFileType = sourcecode.swift; path = AppDelegate.swift; sourceTree = "<group>"; };
		182A09CB1EE2D11F0036B91F /* Base */ = {isa = PBXFileReference; lastKnownFileType = file.storyboard; name = Base; path = Base.lproj/Main.storyboard; sourceTree = "<group>"; };
		182A09CD1EE2D11F0036B91F /* Assets.xcassets */ = {isa = PBXFileReference; lastKnownFileType = folder.assetcatalog; path = Assets.xcassets; sourceTree = "<group>"; };
		182A09D01EE2D11F0036B91F /* Base */ = {isa = PBXFileReference; lastKnownFileType = file.storyboard; name = Base; path = Base.lproj/LaunchScreen.storyboard; sourceTree = "<group>"; };
		182A09D21EE2D11F0036B91F /* Info.plist */ = {isa = PBXFileReference; lastKnownFileType = text.plist.xml; path = Info.plist; sourceTree = "<group>"; };
		182A09D71EE2D11F0036B91F /* KeepFitnessTests.xctest */ = {isa = PBXFileReference; explicitFileType = wrapper.cfbundle; includeInIndex = 0; path = KeepFitnessTests.xctest; sourceTree = BUILT_PRODUCTS_DIR; };
		182A09DB1EE2D11F0036B91F /* KeepFitnessTests.swift */ = {isa = PBXFileReference; lastKnownFileType = sourcecode.swift; path = KeepFitnessTests.swift; sourceTree = "<group>"; };
		182A09DD1EE2D11F0036B91F /* Info.plist */ = {isa = PBXFileReference; lastKnownFileType = text.plist.xml; path = Info.plist; sourceTree = "<group>"; };
		182A09E61EE2E5320036B91F /* LoginViewController.swift */ = {isa = PBXFileReference; fileEncoding = 4; lastKnownFileType = sourcecode.swift; path = LoginViewController.swift; sourceTree = "<group>"; };
		182F909B1EE57E270001CE2D /* PlanViewController.swift */ = {isa = PBXFileReference; fileEncoding = 4; lastKnownFileType = sourcecode.swift; path = PlanViewController.swift; sourceTree = "<group>"; };
		182F909D1EE593290001CE2D /* ExerciseListTableViewController.swift */ = {isa = PBXFileReference; fileEncoding = 4; lastKnownFileType = sourcecode.swift; path = ExerciseListTableViewController.swift; sourceTree = "<group>"; };
		18A2933D1EE3EB4E0063846D /* ExerciseViewController.swift */ = {isa = PBXFileReference; fileEncoding = 4; lastKnownFileType = sourcecode.swift; path = ExerciseViewController.swift; sourceTree = "<group>"; };
		18A2933F1EE3FE490063846D /* Exercise.swift */ = {isa = PBXFileReference; fileEncoding = 4; lastKnownFileType = sourcecode.swift; path = Exercise.swift; sourceTree = "<group>"; };
		18A293411EE40C680063846D /* ExerciseListTableViewCell.swift */ = {isa = PBXFileReference; fileEncoding = 4; lastKnownFileType = sourcecode.swift; path = ExerciseListTableViewCell.swift; sourceTree = "<group>"; };
		18A293431EE40EFA0063846D /* ExerciseTableViewController.swift */ = {isa = PBXFileReference; fileEncoding = 4; lastKnownFileType = sourcecode.swift; path = ExerciseTableViewController.swift; sourceTree = "<group>"; };
/* End PBXFileReference section */

/* Begin PBXFrameworksBuildPhase section */
		182A09C01EE2D11F0036B91F /* Frameworks */ = {
			isa = PBXFrameworksBuildPhase;
			buildActionMask = 2147483647;
			files = (
			);
			runOnlyForDeploymentPostprocessing = 0;
		};
		182A09D41EE2D11F0036B91F /* Frameworks */ = {
			isa = PBXFrameworksBuildPhase;
			buildActionMask = 2147483647;
			files = (
			);
			runOnlyForDeploymentPostprocessing = 0;
		};
/* End PBXFrameworksBuildPhase section */

/* Begin PBXGroup section */
		182A09BA1EE2D11E0036B91F = {
			isa = PBXGroup;
			children = (
				182A09C51EE2D11F0036B91F /* KeepFitness */,
				182A09DA1EE2D11F0036B91F /* KeepFitnessTests */,
				182A09C41EE2D11F0036B91F /* Products */,
			);
			sourceTree = "<group>";
		};
		182A09C41EE2D11F0036B91F /* Products */ = {
			isa = PBXGroup;
			children = (
				182A09C31EE2D11F0036B91F /* KeepFitness.app */,
				182A09D71EE2D11F0036B91F /* KeepFitnessTests.xctest */,
			);
			name = Products;
			sourceTree = "<group>";
		};
		182A09C51EE2D11F0036B91F /* KeepFitness */ = {
			isa = PBXGroup;
			children = (
				182A09C61EE2D11F0036B91F /* AppDelegate.swift */,
				182F909B1EE57E270001CE2D /* PlanViewController.swift */,
				18A2933F1EE3FE490063846D /* Exercise.swift */,
				18A2933D1EE3EB4E0063846D /* ExerciseViewController.swift */,
				18A293411EE40C680063846D /* ExerciseListTableViewCell.swift */,
				18A293431EE40EFA0063846D /* ExerciseTableViewController.swift */,
				182F909D1EE593290001CE2D /* ExerciseListTableViewController.swift */,
				182A09E61EE2E5320036B91F /* LoginViewController.swift */,
				182A09CA1EE2D11F0036B91F /* Main.storyboard */,
				182A09CD1EE2D11F0036B91F /* Assets.xcassets */,
				182A09CF1EE2D11F0036B91F /* LaunchScreen.storyboard */,
				182A09D21EE2D11F0036B91F /* Info.plist */,
			);
			path = KeepFitness;
			sourceTree = "<group>";
		};
		182A09DA1EE2D11F0036B91F /* KeepFitnessTests */ = {
			isa = PBXGroup;
			children = (
				182A09DB1EE2D11F0036B91F /* KeepFitnessTests.swift */,
				182A09DD1EE2D11F0036B91F /* Info.plist */,
			);
			path = KeepFitnessTests;
			sourceTree = "<group>";
		};
/* End PBXGroup section */

/* Begin PBXNativeTarget section */
		182A09C21EE2D11F0036B91F /* KeepFitness */ = {
			isa = PBXNativeTarget;
			buildConfigurationList = 182A09E01EE2D11F0036B91F /* Build configuration list for PBXNativeTarget "KeepFitness" */;
			buildPhases = (
				182A09BF1EE2D11F0036B91F /* Sources */,
				182A09C01EE2D11F0036B91F /* Frameworks */,
				182A09C11EE2D11F0036B91F /* Resources */,
			);
			buildRules = (
			);
			dependencies = (
			);
			name = KeepFitness;
			productName = KeepFitness;
			productReference = 182A09C31EE2D11F0036B91F /* KeepFitness.app */;
			productType = "com.apple.product-type.application";
		};
		182A09D61EE2D11F0036B91F /* KeepFitnessTests */ = {
			isa = PBXNativeTarget;
			buildConfigurationList = 182A09E31EE2D11F0036B91F /* Build configuration list for PBXNativeTarget "KeepFitnessTests" */;
			buildPhases = (
				182A09D31EE2D11F0036B91F /* Sources */,
				182A09D41EE2D11F0036B91F /* Frameworks */,
				182A09D51EE2D11F0036B91F /* Resources */,
			);
			buildRules = (
			);
			dependencies = (
				182A09D91EE2D11F0036B91F /* PBXTargetDependency */,
			);
			name = KeepFitnessTests;
			productName = KeepFitnessTests;
			productReference = 182A09D71EE2D11F0036B91F /* KeepFitnessTests.xctest */;
			productType = "com.apple.product-type.bundle.unit-test";
		};
/* End PBXNativeTarget section */

/* Begin PBXProject section */
		182A09BB1EE2D11E0036B91F /* Project object */ = {
			isa = PBXProject;
			attributes = {
				LastSwiftUpdateCheck = 0830;
				LastUpgradeCheck = 0830;
				ORGANIZATIONNAME = nju;
				TargetAttributes = {
					182A09C21EE2D11F0036B91F = {
						CreatedOnToolsVersion = 8.3.2;
						DevelopmentTeam = Z8QEVUB4LB;
						ProvisioningStyle = Automatic;
					};
					182A09D61EE2D11F0036B91F = {
						CreatedOnToolsVersion = 8.3.2;
						ProvisioningStyle = Automatic;
						TestTargetID = 182A09C21EE2D11F0036B91F;
					};
				};
			};
			buildConfigurationList = 182A09BE1EE2D11E0036B91F /* Build configuration list for PBXProject "KeepFitness" */;
			compatibilityVersion = "Xcode 3.2";
			developmentRegion = English;
			hasScannedForEncodings = 0;
			knownRegions = (
				en,
				Base,
			);
			mainGroup = 182A09BA1EE2D11E0036B91F;
			productRefGroup = 182A09C41EE2D11F0036B91F /* Products */;
			projectDirPath = "";
			projectRoot = "";
			targets = (
				182A09C21EE2D11F0036B91F /* KeepFitness */,
				182A09D61EE2D11F0036B91F /* KeepFitnessTests */,
			);
		};
/* End PBXProject section */

/* Begin PBXResourcesBuildPhase section */
		182A09C11EE2D11F0036B91F /* Resources */ = {
			isa = PBXResourcesBuildPhase;
			buildActionMask = 2147483647;
			files = (
				182A09D11EE2D11F0036B91F /* LaunchScreen.storyboard in Resources */,
				182A09CE1EE2D11F0036B91F /* Assets.xcassets in Resources */,
				182A09CC1EE2D11F0036B91F /* Main.storyboard in Resources */,
			);
			runOnlyForDeploymentPostprocessing = 0;
		};
		182A09D51EE2D11F0036B91F /* Resources */ = {
			isa = PBXResourcesBuildPhase;
			buildActionMask = 2147483647;
			files = (
			);
			runOnlyForDeploymentPostprocessing = 0;
		};
/* End PBXResourcesBuildPhase section */

/* Begin PBXSourcesBuildPhase section */
		182A09BF1EE2D11F0036B91F /* Sources */ = {
			isa = PBXSourcesBuildPhase;
			buildActionMask = 2147483647;
			files = (
				182A09E71EE2E5320036B91F /* LoginViewController.swift in Sources */,
				18A293401EE3FE490063846D /* Exercise.swift in Sources */,
				18A2933E1EE3EB4E0063846D /* ExerciseViewController.swift in Sources */,
				182F909E1EE593290001CE2D /* ExerciseListTableViewController.swift in Sources */,
				182F909C1EE57E270001CE2D /* PlanViewController.swift in Sources */,
				18A293421EE40C680063846D /* ExerciseListTableViewCell.swift in Sources */,
				182A09C71EE2D11F0036B91F /* AppDelegate.swift in Sources */,
				18A293441EE40EFA0063846D /* ExerciseTableViewController.swift in Sources */,
			);
			runOnlyForDeploymentPostprocessing = 0;
		};
		182A09D31EE2D11F0036B91F /* Sources */ = {
			isa = PBXSourcesBuildPhase;
			buildActionMask = 2147483647;
			files = (
				182A09DC1EE2D11F0036B91F /* KeepFitnessTests.swift in Sources */,
			);
			runOnlyForDeploymentPostprocessing = 0;
		};
/* End PBXSourcesBuildPhase section */

/* Begin PBXTargetDependency section */
		182A09D91EE2D11F0036B91F /* PBXTargetDependency */ = {
			isa = PBXTargetDependency;
			target = 182A09C21EE2D11F0036B91F /* KeepFitness */;
			targetProxy = 182A09D81EE2D11F0036B91F /* PBXContainerItemProxy */;
		};
/* End PBXTargetDependency section */

/* Begin PBXVariantGroup section */
		182A09CA1EE2D11F0036B91F /* Main.storyboard */ = {
			isa = PBXVariantGroup;
			children = (
				182A09CB1EE2D11F0036B91F /* Base */,
			);
			name = Main.storyboard;
			sourceTree = "<group>";
		};
		182A09CF1EE2D11F0036B91F /* LaunchScreen.storyboard */ = {
			isa = PBXVariantGroup;
			children = (
				182A09D01EE2D11F0036B91F /* Base */,
			);
			name = LaunchScreen.storyboard;
			sourceTree = "<group>";
		};
/* End PBXVariantGroup section */

/* Begin XCBuildConfiguration section */
		182A09DE1EE2D11F0036B91F /* Debug */ = {
			isa = XCBuildConfiguration;
			buildSettings = {
				ALWAYS_SEARCH_USER_PATHS = NO;
				CLANG_ANALYZER_NONNULL = YES;
				CLANG_ANALYZER_NUMBER_OBJECT_CONVERSION = YES_AGGRESSIVE;
				CLANG_CXX_LANGUAGE_STANDARD = "gnu++0x";
				CLANG_CXX_LIBRARY = "libc++";
				CLANG_ENABLE_MODULES = YES;
				CLANG_ENABLE_OBJC_ARC = YES;
				CLANG_WARN_BOOL_CONVERSION = YES;
				CLANG_WARN_CONSTANT_CONVERSION = YES;
				CLANG_WARN_DIRECT_OBJC_ISA_USAGE = YES_ERROR;
				CLANG_WARN_DOCUMENTATION_COMMENTS = YES;
				CLANG_WARN_EMPTY_BODY = YES;
				CLANG_WARN_ENUM_CONVERSION = YES;
				CLANG_WARN_INFINITE_RECURSION = YES;
				CLANG_WARN_INT_CONVERSION = YES;
				CLANG_WARN_OBJC_ROOT_CLASS = YES_ERROR;
				CLANG_WARN_SUSPICIOUS_MOVE = YES;
				CLANG_WARN_UNREACHABLE_CODE = YES;
				CLANG_WARN__DUPLICATE_METHOD_MATCH = YES;
				"CODE_SIGN_IDENTITY[sdk=iphoneos*]" = "iPhone Developer";
				COPY_PHASE_STRIP = NO;
				DEBUG_INFORMATION_FORMAT = dwarf;
				ENABLE_STRICT_OBJC_MSGSEND = YES;
				ENABLE_TESTABILITY = YES;
				GCC_C_LANGUAGE_STANDARD = gnu99;
				GCC_DYNAMIC_NO_PIC = NO;
				GCC_NO_COMMON_BLOCKS = YES;
				GCC_OPTIMIZATION_LEVEL = 0;
				GCC_PREPROCESSOR_DEFINITIONS = (
					"DEBUG=1",
					"$(inherited)",
				);
				GCC_WARN_64_TO_32_BIT_CONVERSION = YES;
				GCC_WARN_ABOUT_RETURN_TYPE = YES_ERROR;
				GCC_WARN_UNDECLARED_SELECTOR = YES;
				GCC_WARN_UNINITIALIZED_AUTOS = YES_AGGRESSIVE;
				GCC_WARN_UNUSED_FUNCTION = YES;
				GCC_WARN_UNUSED_VARIABLE = YES;
				IPHONEOS_DEPLOYMENT_TARGET = 10.3;
				MTL_ENABLE_DEBUG_INFO = YES;
				ONLY_ACTIVE_ARCH = YES;
				SDKROOT = iphoneos;
				SWIFT_ACTIVE_COMPILATION_CONDITIONS = DEBUG;
				SWIFT_OPTIMIZATION_LEVEL = "-Onone";
			};
			name = Debug;
		};
		182A09DF1EE2D11F0036B91F /* Release */ = {
			isa = XCBuildConfiguration;
			buildSettings = {
				ALWAYS_SEARCH_USER_PATHS = NO;
				CLANG_ANALYZER_NONNULL = YES;
				CLANG_ANALYZER_NUMBER_OBJECT_CONVERSION = YES_AGGRESSIVE;
				CLANG_CXX_LANGUAGE_STANDARD = "gnu++0x";
				CLANG_CXX_LIBRARY = "libc++";
				CLANG_ENABLE_MODULES = YES;
				CLANG_ENABLE_OBJC_ARC = YES;
				CLANG_WARN_BOOL_CONVERSION = YES;
				CLANG_WARN_CONSTANT_CONVERSION = YES;
				CLANG_WARN_DIRECT_OBJC_ISA_USAGE = YES_ERROR;
				CLANG_WARN_DOCUMENTATION_COMMENTS = YES;
				CLANG_WARN_EMPTY_BODY = YES;
				CLANG_WARN_ENUM_CONVERSION = YES;
				CLANG_WARN_INFINITE_RECURSION = YES;
				CLANG_WARN_INT_CONVERSION = YES;
				CLANG_WARN_OBJC_ROOT_CLASS = YES_ERROR;
				CLANG_WARN_SUSPICIOUS_MOVE = YES;
				CLANG_WARN_UNREACHABLE_CODE = YES;
				CLANG_WARN__DUPLICATE_METHOD_MATCH = YES;
				"CODE_SIGN_IDENTITY[sdk=iphoneos*]" = "iPhone Developer";
				COPY_PHASE_STRIP = NO;
				DEBUG_INFORMATION_FORMAT = "dwarf-with-dsym";
				ENABLE_NS_ASSERTIONS = NO;
				ENABLE_STRICT_OBJC_MSGSEND = YES;
				GCC_C_LANGUAGE_STANDARD = gnu99;
				GCC_NO_COMMON_BLOCKS = YES;
				GCC_WARN_64_TO_32_BIT_CONVERSION = YES;
				GCC_WARN_ABOUT_RETURN_TYPE = YES_ERROR;
				GCC_WARN_UNDECLARED_SELECTOR = YES;
				GCC_WARN_UNINITIALIZED_AUTOS = YES_AGGRESSIVE;
				GCC_WARN_UNUSED_FUNCTION = YES;
				GCC_WARN_UNUSED_VARIABLE = YES;
				IPHONEOS_DEPLOYMENT_TARGET = 10.3;
				MTL_ENABLE_DEBUG_INFO = NO;
				SDKROOT = iphoneos;
				SWIFT_OPTIMIZATION_LEVEL = "-Owholemodule";
				VALIDATE_PRODUCT = YES;
			};
			name = Release;
		};
		182A09E11EE2D11F0036B91F /* Debug */ = {
			isa = XCBuildConfiguration;
			buildSettings = {
				ASSETCATALOG_COMPILER_APPICON_NAME = AppIcon;
				DEVELOPMENT_TEAM = Z8QEVUB4LB;
				INFOPLIST_FILE = KeepFitness/Info.plist;
				LD_RUNPATH_SEARCH_PATHS = "$(inherited) @executable_path/Frameworks";
				PRODUCT_BUNDLE_IDENTIFIER = cn.edu.nju.KeepFitness;
				PRODUCT_NAME = "$(TARGET_NAME)";
				SWIFT_VERSION = 3.0;
			};
			name = Debug;
		};
		182A09E21EE2D11F0036B91F /* Release */ = {
			isa = XCBuildConfiguration;
			buildSettings = {
				ASSETCATALOG_COMPILER_APPICON_NAME = AppIcon;
				DEVELOPMENT_TEAM = Z8QEVUB4LB;
				INFOPLIST_FILE = KeepFitness/Info.plist;
				LD_RUNPATH_SEARCH_PATHS = "$(inherited) @executable_path/Frameworks";
				PRODUCT_BUNDLE_IDENTIFIER = cn.edu.nju.KeepFitness;
				PRODUCT_NAME = "$(TARGET_NAME)";
				SWIFT_VERSION = 3.0;
			};
			name = Release;
		};
		182A09E41EE2D11F0036B91F /* Debug */ = {
			isa = XCBuildConfiguration;
			buildSettings = {
				ALWAYS_EMBED_SWIFT_STANDARD_LIBRARIES = YES;
				BUNDLE_LOADER = "$(TEST_HOST)";
				INFOPLIST_FILE = KeepFitnessTests/Info.plist;
				LD_RUNPATH_SEARCH_PATHS = "$(inherited) @executable_path/Frameworks @loader_path/Frameworks";
				PRODUCT_BUNDLE_IDENTIFIER = cn.edu.nju.KeepFitnessTests;
				PRODUCT_NAME = "$(TARGET_NAME)";
				SWIFT_VERSION = 3.0;
				TEST_HOST = "$(BUILT_PRODUCTS_DIR)/KeepFitness.app/KeepFitness";
			};
			name = Debug;
		};
		182A09E51EE2D11F0036B91F /* Release */ = {
			isa = XCBuildConfiguration;
			buildSettings = {
				ALWAYS_EMBED_SWIFT_STANDARD_LIBRARIES = YES;
				BUNDLE_LOADER = "$(TEST_HOST)";
				INFOPLIST_FILE = KeepFitnessTests/Info.plist;
				LD_RUNPATH_SEARCH_PATHS = "$(inherited) @executable_path/Frameworks @loader_path/Frameworks";
				PRODUCT_BUNDLE_IDENTIFIER = cn.edu.nju.KeepFitnessTests;
				PRODUCT_NAME = "$(TARGET_NAME)";
				SWIFT_VERSION = 3.0;
				TEST_HOST = "$(BUILT_PRODUCTS_DIR)/KeepFitness.app/KeepFitness";
			};
			name = Release;
		};
/* End XCBuildConfiguration section */

/* Begin XCConfigurationList section */
		182A09BE1EE2D11E0036B91F /* Build configuration list for PBXProject "KeepFitness" */ = {
			isa = XCConfigurationList;
			buildConfigurations = (
				182A09DE1EE2D11F0036B91F /* Debug */,
				182A09DF1EE2D11F0036B91F /* Release */,
			);
			defaultConfigurationIsVisible = 0;
			defaultConfigurationName = Release;
		};
		182A09E01EE2D11F0036B91F /* Build configuration list for PBXNativeTarget "KeepFitness" */ = {
			isa = XCConfigurationList;
			buildConfigurations = (
				182A09E11EE2D11F0036B91F /* Debug */,
				182A09E21EE2D11F0036B91F /* Release */,
			);
			defaultConfigurationIsVisible = 0;
			defaultConfigurationName = Release;
		};
		182A09E31EE2D11F0036B91F /* Build configuration list for PBXNativeTarget "KeepFitnessTests" */ = {
			isa = XCConfigurationList;
			buildConfigurations = (
				182A09E41EE2D11F0036B91F /* Debug */,
				182A09E51EE2D11F0036B91F /* Release */,
			);
			defaultConfigurationIsVisible = 0;
			defaultConfigurationName = Release;
		};
/* End XCConfigurationList section */
	};
	rootObject = 182A09BB1EE2D11E0036B91F /* Project object */;
}
